{
  "name": "gm-memorizing-quran",
  "version": "1.0.0",
  "lockfileVersion": 3,
  "requires": true,
  "packages": {
    "": {
      "name": "gm-memorizing-quran",
      "version": "1.0.0",
      "devDependencies": {
        "@quran.ws/text": "0.1.0"
      }
    },
    "node_modules/@quran.ws/text": {
      "version": "0.1.0",
      "resolved": "https://registry.npmjs.org/@quran.ws/text/-/text-0.1.0.tgz",
      "integrity": "sha512-CWr2Kp4h1CknaTgSE/OUZ0E0v22AlKPMey7CZPOo4/Juh2cYGj/P2cTX1VJgPGodCnrNP8ucWopwEiCWENR8aA==",
      "dev": true,
      "license": "CC-BY-4.0",
      "engines": {
        "node": ">=18"
      }
    }
  }
}
